
Microsoft Visual Studio Solution File, Format Version 12.00
# Visual Studio Version 17
VisualStudioVersion = 17.7.34221.43
MinimumVisualStudioVersion = 10.0.40219.1
Project("{FAE04EC0-301F-11D3-BF4B-00C04F79EFBC}") = "CarRentalDemo", "CarRentalDemo\CarRentalDemo.csproj", "{A59297D3-4E8A-4575-96FB-D7E6A3D702FA}"
EndProject
Global
	GlobalSection(SolutionConfigurationPlatforms) = preSolution
		Debug|Any CPU = Debug|Any CPU
		Release|Any CPU = Release|Any CPU
	EndGlobalSection
	GlobalSection(ProjectConfigurationPlatforms) = postSolution
		{A59297D3-4E8A-4575-96FB-D7E6A3D702FA}.Debug|Any CPU.ActiveCfg = Debug|Any CPU
		{A59297D3-4E8A-4575-96FB-D7E6A3D702FA}.Debug|Any CPU.Build.0 = Debug|Any CPU
		{A59297D3-4E8A-4575-96FB-D7E6A3D702FA}.Release|Any CPU.ActiveCfg = Release|Any CPU
		{A59297D3-4E8A-4575-96FB-D7E6A3D702FA}.Release|Any CPU.Build.0 = Release|Any CPU
	EndGlobalSection
	GlobalSection(SolutionProperties) = preSolution
		HideSolutionNode = FALSE
	EndGlobalSection
	GlobalSection(ExtensibilityGlobals) = postSolution
		SolutionGuid = {728C3DAB-D781-46F4-9B00-34F80F92FF99}
	EndGlobalSection
EndGlobal
